<?xml version="1.0" encoding="utf-8"?>
<Project ToolsVersion="4.0" xmlns="http://schemas.microsoft.com/developer/msbuild/2003">
  <ItemGroup>
    <Filter Include="소스 파일">
      <UniqueIdentifier>{4FC737F1-C7A5-4376-A066-2A32D752A2FF}</UniqueIdentifier>
      <Extensions>cpp;c;cc;cxx;c++;cppm;ixx;def;odl;idl;hpj;bat;asm;asmx</Extensions>
    </Filter>
    <Filter Include="헤더 파일">
      <UniqueIdentifier>{93995380-89BD-4b04-88EB-625FBE52EBFB}</UniqueIdentifier>
      <Extensions>h;hh;hpp;hxx;h++;hm;inl;inc;ipp;xsd</Extensions>
    </Filter>
    <Filter Include="리소스 파일">
      <UniqueIdentifier>{67DA6AB6-F800-4c08-8B7A-83BB121AAD01}</UniqueIdentifier>
      <Extensions>rc;ico;cur;bmp;dlg;rc2;rct;bin;rgs;gif;jpg;jpeg;jpe;resx;tiff;tif;png;wav;mfcribbon-ms</Extensions>
    </Filter>
  </ItemGroup>
  <ItemGroup>
    <ClCompile Include="source\CompositeObj.cpp">
      <Filter>소스 파일</Filter>
    </ClCompile>
    <ClCompile Include="source\FileManager.cpp">
      <Filter>소스 파일</Filter>
    </ClCompile>
    <ClCompile Include="source\KeyInput.cpp">
      <Filter>소스 파일</Filter>
    </ClCompile>
    <ClCompile Include="source\main_5-2.cpp">
      <Filter>소스 파일</Filter>
    </ClCompile>
    <ClCompile Include="source\main_w2.cpp">
      <Filter>소스 파일</Filter>
    </ClCompile>
    <ClCompile Include="source\main_w3.cpp">
      <Filter>소스 파일</Filter>
    </ClCompile>
    <ClCompile Include="source\main_w5.cpp">
      <Filter>소스 파일</Filter>
    </ClCompile>
    <ClCompile Include="source\main_w6.cpp">
      <Filter>소스 파일</Filter>
    </ClCompile>
    <ClCompile Include="source\main_w6_report.cpp">
      <Filter>소스 파일</Filter>
    </ClCompile>
    <ClCompile Include="source\NonRenderableObject.cpp">
      <Filter>소스 파일</Filter>
    </ClCompile>
    <ClCompile Include="source\RenderableObject.cpp">
      <Filter>소스 파일</Filter>
    </ClCompile>
    <ClCompile Include="source\Renderer.cpp">
      <Filter>소스 파일</Filter>
    </ClCompile>
    <ClCompile Include="source\Sphere.cpp">
      <Filter>소스 파일</Filter>
    </ClCompile>
    <ClCompile Include="source\testNonRenderObj.cpp">
      <Filter>소스 파일</Filter>
    </ClCompile>
    <ClCompile Include="source\Time.cpp">
      <Filter>소스 파일</Filter>
    </ClCompile>
  </ItemGroup>
  <ItemGroup>
    <ClInclude Include="include\CompositeObj.h">
      <Filter>헤더 파일</Filter>
    </ClInclude>
    <ClInclude Include="include\FileManager.h">
      <Filter>헤더 파일</Filter>
    </ClInclude>
    <ClInclude Include="include\ICleanUp.h">
      <Filter>헤더 파일</Filter>
    </ClInclude>
    <ClInclude Include="include\IInit.h">
      <Filter>헤더 파일</Filter>
    </ClInclude>
    <ClInclude Include="include\IRender.h">
      <Filter>헤더 파일</Filter>
    </ClInclude>
    <ClInclude Include="include\IUpdate.h">
      <Filter>헤더 파일</Filter>
    </ClInclude>
    <ClInclude Include="include\KeyInput.h">
      <Filter>헤더 파일</Filter>
    </ClInclude>
    <ClInclude Include="include\NonRenderableObject.h">
      <Filter>헤더 파일</Filter>
    </ClInclude>
    <ClInclude Include="include\Object.h">
      <Filter>헤더 파일</Filter>
    </ClInclude>
    <ClInclude Include="include\RenderableObject.h">
      <Filter>헤더 파일</Filter>
    </ClInclude>
    <ClInclude Include="include\Renderer.h">
      <Filter>헤더 파일</Filter>
    </ClInclude>
    <ClInclude Include="include\Sphere.h">
      <Filter>헤더 파일</Filter>
    </ClInclude>
    <ClInclude Include="include\testNonRenderObj.h">
      <Filter>헤더 파일</Filter>
    </ClInclude>
    <ClInclude Include="include\Time.h">
      <Filter>헤더 파일</Filter>
    </ClInclude>
  </ItemGroup>
</Project>